
Microsoft Visual Studio Solution File, Format Version 12.00
# Visual Studio Version 17
VisualStudioVersion = 17.11.35327.3
MinimumVisualStudioVersion = 10.0.40219.1
Project("{FAE04EC0-301F-11D3-BF4B-00C04F79EFBC}") = "EFGHIJ", "EFGHIJ\EFGHIJ.csproj", "{A1E24D17-5924-4081-9567-0E58E8744AC4}"
EndProject
Global
	GlobalSection(SolutionConfigurationPlatforms) = preSolution
		Debug|Any CPU = Debug|Any CPU
		Release|Any CPU = Release|Any CPU
	EndGlobalSection
	GlobalSection(ProjectConfigurationPlatforms) = postSolution
		{A1E24D17-5924-4081-9567-0E58E8744AC4}.Debug|Any CPU.ActiveCfg = Debug|Any CPU
		{A1E24D17-5924-4081-9567-0E58E8744AC4}.Debug|Any CPU.Build.0 = Debug|Any CPU
		{A1E24D17-5924-4081-9567-0E58E8744AC4}.Release|Any CPU.ActiveCfg = Release|Any CPU
		{A1E24D17-5924-4081-9567-0E58E8744AC4}.Release|Any CPU.Build.0 = Release|Any CPU
	EndGlobalSection
	GlobalSection(SolutionProperties) = preSolution
		HideSolutionNode = FALSE
	EndGlobalSection
	GlobalSection(ExtensibilityGlobals) = postSolution
		SolutionGuid = {68564765-D953-4821-8A22-12EF29570EBD}
	EndGlobalSection
EndGlobal
